# This file was autogenerated by Stack.
# You should not edit this file by hand.
# For more information, please see the documentation at:
#   https://docs.haskellstack.org/en/stable/lock_files

packages:
- completed:
    commit: 568863912fb0c41da8fc0cc221d8b2ea1570a162
    git: https://github.com/fintech-development/haskell-client-generated.git
    name: haskell-client-generated
    pantry-tree:
      sha256: 6e15d217fe02d36089c65a7fd0eb44c4766eb395caf77606260decc7737e162a
      size: 1022
    version: 0.1.0.0
  original:
    commit: 568863912fb0c41da8fc0cc221d8b2ea1570a162
    git: https://github.com/fintech-development/haskell-client-generated.git
snapshots:
- completed:
    sha256: 9fa4bece7acfac1fc7930c5d6e24606004b09e80aa0e52e9f68b148201008db9
    size: 649606
    url: https://raw.githubusercontent.com/commercialhaskell/stackage-snapshots/master/lts/20/18.yaml
  original: lts-20.18
